// !$*UTF8*$!
{
	archiveVersion = 1;
	classes = {
	};
	objectVersion = 51;
	objects = {

/* Begin PBXBuildFile section */
		4A30443DF9047DA31FFDA90F /* Pods_PulBack.framework in Frameworks */ = {isa = PBXBuildFile; fileRef = 2D00B0D9ADE837E10402F76E /* Pods_PulBack.framework */; };
		D0790A3326B2C4B500BA9EFE /* AppDelegate.swift in Sources */ = {isa = PBXBuildFile; fileRef = D0790A3226B2C4B500BA9EFE /* AppDelegate.swift */; };
		D0790A3C26B2C4B600BA9EFE /* Assets.xcassets in Resources */ = {isa = PBXBuildFile; fileRef = D0790A3B26B2C4B600BA9EFE /* Assets.xcassets */; };
		D0790A3F26B2C4B600BA9EFE /* LaunchScreen.storyboard in Resources */ = {isa = PBXBuildFile; fileRef = D0790A3D26B2C4B600BA9EFE /* LaunchScreen.storyboard */; };
		D0790A4A26B2C4EB00BA9EFE /* SignInVC.swift in Sources */ = {isa = PBXBuildFile; fileRef = D0790A4826B2C4EB00BA9EFE /* SignInVC.swift */; };
		D0790A4B26B2C4EB00BA9EFE /* SignInVC.xib in Resources */ = {isa = PBXBuildFile; fileRef = D0790A4926B2C4EB00BA9EFE /* SignInVC.xib */; };
		D0790A5126B2C68B00BA9EFE /* Extensions.swift in Sources */ = {isa = PBXBuildFile; fileRef = D0790A5026B2C68B00BA9EFE /* Extensions.swift */; };
		D07FF02A26B51CF0009C1FE6 /* RegistrationVC.swift in Sources */ = {isa = PBXBuildFile; fileRef = D07FF02826B51CF0009C1FE6 /* RegistrationVC.swift */; };
		D07FF02B26B51CF0009C1FE6 /* RegistrationVC.xib in Resources */ = {isa = PBXBuildFile; fileRef = D07FF02926B51CF0009C1FE6 /* RegistrationVC.xib */; };
		D07FF03626B5262B009C1FE6 /* OTPVC.swift in Sources */ = {isa = PBXBuildFile; fileRef = D07FF03426B5262B009C1FE6 /* OTPVC.swift */; };
		D07FF03726B5262B009C1FE6 /* OTPVC.xib in Resources */ = {isa = PBXBuildFile; fileRef = D07FF03526B5262B009C1FE6 /* OTPVC.xib */; };
		D07FF03A26B52B53009C1FE6 /* OTPFieldView.swift in Sources */ = {isa = PBXBuildFile; fileRef = D07FF03926B52B53009C1FE6 /* OTPFieldView.swift */; };
		D07FF03D26B52C1C009C1FE6 /* OTPTextField.swift in Sources */ = {isa = PBXBuildFile; fileRef = D07FF03C26B52C1C009C1FE6 /* OTPTextField.swift */; };
		D07FF05626B55DA6009C1FE6 /* TimerView.swift in Sources */ = {isa = PBXBuildFile; fileRef = D07FF05526B55DA6009C1FE6 /* TimerView.swift */; };
		D07FF08126B56E3B009C1FE6 /* reload.json in Resources */ = {isa = PBXBuildFile; fileRef = D07FF08026B56E3A009C1FE6 /* reload.json */; };
		D07FF08626B56EDD009C1FE6 /* CustomButton.swift in Sources */ = {isa = PBXBuildFile; fileRef = D07FF08526B56EDD009C1FE6 /* CustomButton.swift */; };
		D07FF08926B56FD8009C1FE6 /* AppColors.swift in Sources */ = {isa = PBXBuildFile; fileRef = D07FF08826B56FD8009C1FE6 /* AppColors.swift */; };
/* End PBXBuildFile section */

/* Begin PBXFileReference section */
		2D00B0D9ADE837E10402F76E /* Pods_PulBack.framework */ = {isa = PBXFileReference; explicitFileType = wrapper.framework; includeInIndex = 0; path = Pods_PulBack.framework; sourceTree = BUILT_PRODUCTS_DIR; };
		CDBD1E04BA1C773AB3F4D321 /* Pods-PulBack.release.xcconfig */ = {isa = PBXFileReference; includeInIndex = 1; lastKnownFileType = text.xcconfig; name = "Pods-PulBack.release.xcconfig"; path = "Target Support Files/Pods-PulBack/Pods-PulBack.release.xcconfig"; sourceTree = "<group>"; };
		D05C7EB18DF6B108DE3103AB /* Pods-PulBack.debug.xcconfig */ = {isa = PBXFileReference; includeInIndex = 1; lastKnownFileType = text.xcconfig; name = "Pods-PulBack.debug.xcconfig"; path = "Target Support Files/Pods-PulBack/Pods-PulBack.debug.xcconfig"; sourceTree = "<group>"; };
		D0790A2F26B2C4B500BA9EFE /* PulBack.app */ = {isa = PBXFileReference; explicitFileType = wrapper.application; includeInIndex = 0; path = PulBack.app; sourceTree = BUILT_PRODUCTS_DIR; };
		D0790A3226B2C4B500BA9EFE /* AppDelegate.swift */ = {isa = PBXFileReference; lastKnownFileType = sourcecode.swift; path = AppDelegate.swift; sourceTree = "<group>"; };
		D0790A3B26B2C4B600BA9EFE /* Assets.xcassets */ = {isa = PBXFileReference; lastKnownFileType = folder.assetcatalog; path = Assets.xcassets; sourceTree = "<group>"; };
		D0790A3E26B2C4B600BA9EFE /* Base */ = {isa = PBXFileReference; lastKnownFileType = file.storyboard; name = Base; path = Base.lproj/LaunchScreen.storyboard; sourceTree = "<group>"; };
		D0790A4026B2C4B600BA9EFE /* Info.plist */ = {isa = PBXFileReference; lastKnownFileType = text.plist.xml; path = Info.plist; sourceTree = "<group>"; };
		D0790A4826B2C4EB00BA9EFE /* SignInVC.swift */ = {isa = PBXFileReference; lastKnownFileType = sourcecode.swift; path = SignInVC.swift; sourceTree = "<group>"; };
		D0790A4926B2C4EB00BA9EFE /* SignInVC.xib */ = {isa = PBXFileReference; lastKnownFileType = file.xib; path = SignInVC.xib; sourceTree = "<group>"; };
		D0790A5026B2C68B00BA9EFE /* Extensions.swift */ = {isa = PBXFileReference; fileEncoding = 4; lastKnownFileType = sourcecode.swift; path = Extensions.swift; sourceTree = "<group>"; };
		D07FF02826B51CF0009C1FE6 /* RegistrationVC.swift */ = {isa = PBXFileReference; lastKnownFileType = sourcecode.swift; path = RegistrationVC.swift; sourceTree = "<group>"; };
		D07FF02926B51CF0009C1FE6 /* RegistrationVC.xib */ = {isa = PBXFileReference; lastKnownFileType = file.xib; path = RegistrationVC.xib; sourceTree = "<group>"; };
		D07FF03426B5262B009C1FE6 /* OTPVC.swift */ = {isa = PBXFileReference; lastKnownFileType = sourcecode.swift; path = OTPVC.swift; sourceTree = "<group>"; };
		D07FF03526B5262B009C1FE6 /* OTPVC.xib */ = {isa = PBXFileReference; lastKnownFileType = file.xib; path = OTPVC.xib; sourceTree = "<group>"; };
		D07FF03926B52B53009C1FE6 /* OTPFieldView.swift */ = {isa = PBXFileReference; lastKnownFileType = sourcecode.swift; path = OTPFieldView.swift; sourceTree = "<group>"; };
		D07FF03C26B52C1C009C1FE6 /* OTPTextField.swift */ = {isa = PBXFileReference; lastKnownFileType = sourcecode.swift; path = OTPTextField.swift; sourceTree = "<group>"; };
		D07FF05526B55DA6009C1FE6 /* TimerView.swift */ = {isa = PBXFileReference; fileEncoding = 4; lastKnownFileType = sourcecode.swift; path = TimerView.swift; sourceTree = "<group>"; };
		D07FF08026B56E3A009C1FE6 /* reload.json */ = {isa = PBXFileReference; fileEncoding = 4; lastKnownFileType = text.json; path = reload.json; sourceTree = "<group>"; };
		D07FF08526B56EDD009C1FE6 /* CustomButton.swift */ = {isa = PBXFileReference; lastKnownFileType = sourcecode.swift; path = CustomButton.swift; sourceTree = "<group>"; };
		D07FF08826B56FD8009C1FE6 /* AppColors.swift */ = {isa = PBXFileReference; lastKnownFileType = sourcecode.swift; path = AppColors.swift; sourceTree = "<group>"; };
/* End PBXFileReference section */

/* Begin PBXFrameworksBuildPhase section */
		D0790A2C26B2C4B500BA9EFE /* Frameworks */ = {
			isa = PBXFrameworksBuildPhase;
			buildActionMask = 2147483647;
			files = (
				4A30443DF9047DA31FFDA90F /* Pods_PulBack.framework in Frameworks */,
			);
			runOnlyForDeploymentPostprocessing = 0;
		};
/* End PBXFrameworksBuildPhase section */

/* Begin PBXGroup section */
		08A76705EA5014C07C408698 /* Pods */ = {
			isa = PBXGroup;
			children = (
				D05C7EB18DF6B108DE3103AB /* Pods-PulBack.debug.xcconfig */,
				CDBD1E04BA1C773AB3F4D321 /* Pods-PulBack.release.xcconfig */,
			);
			path = Pods;
			sourceTree = "<group>";
		};
		91750418D913D57CBE3C7D65 /* Frameworks */ = {
			isa = PBXGroup;
			children = (
				2D00B0D9ADE837E10402F76E /* Pods_PulBack.framework */,
			);
			name = Frameworks;
			sourceTree = "<group>";
		};
		D0790A2626B2C4B500BA9EFE = {
			isa = PBXGroup;
			children = (
				D0790A3126B2C4B500BA9EFE /* PulBack */,
				D0790A3026B2C4B500BA9EFE /* Products */,
				08A76705EA5014C07C408698 /* Pods */,
				91750418D913D57CBE3C7D65 /* Frameworks */,
			);
			sourceTree = "<group>";
		};
		D0790A3026B2C4B500BA9EFE /* Products */ = {
			isa = PBXGroup;
			children = (
				D0790A2F26B2C4B500BA9EFE /* PulBack.app */,
			);
			name = Products;
			sourceTree = "<group>";
		};
		D0790A3126B2C4B500BA9EFE /* PulBack */ = {
			isa = PBXGroup;
			children = (
				D07FF06F26B56626009C1FE6 /* File */,
				D0790A6726B2CC3400BA9EFE /* Model */,
				D0790A6626B2CC3000BA9EFE /* View */,
				D0790A6526B2CC2800BA9EFE /* Controller */,
				D0790A3226B2C4B500BA9EFE /* AppDelegate.swift */,
				D0790A3B26B2C4B600BA9EFE /* Assets.xcassets */,
				D0790A3D26B2C4B600BA9EFE /* LaunchScreen.storyboard */,
				D0790A4026B2C4B600BA9EFE /* Info.plist */,
			);
			path = PulBack;
			sourceTree = "<group>";
		};
		D0790A4F26B2C67F00BA9EFE /* Helpers */ = {
			isa = PBXGroup;
			children = (
				D0790A5026B2C68B00BA9EFE /* Extensions.swift */,
				D07FF08826B56FD8009C1FE6 /* AppColors.swift */,
				D07FF03926B52B53009C1FE6 /* OTPFieldView.swift */,
				D07FF03C26B52C1C009C1FE6 /* OTPTextField.swift */,
				D07FF05526B55DA6009C1FE6 /* TimerView.swift */,
			);
			path = Helpers;
			sourceTree = "<group>";
		};
		D0790A6526B2CC2800BA9EFE /* Controller */ = {
			isa = PBXGroup;
			children = (
				D0790A4826B2C4EB00BA9EFE /* SignInVC.swift */,
				D0790A4926B2C4EB00BA9EFE /* SignInVC.xib */,
				D07FF02826B51CF0009C1FE6 /* RegistrationVC.swift */,
				D07FF02926B51CF0009C1FE6 /* RegistrationVC.xib */,
				D07FF03426B5262B009C1FE6 /* OTPVC.swift */,
				D07FF03526B5262B009C1FE6 /* OTPVC.xib */,
			);
			path = Controller;
			sourceTree = "<group>";
		};
		D0790A6626B2CC3000BA9EFE /* View */ = {
			isa = PBXGroup;
			children = (
			);
			path = View;
			sourceTree = "<group>";
		};
		D0790A6726B2CC3400BA9EFE /* Model */ = {
			isa = PBXGroup;
			children = (
				D07FF08526B56EDD009C1FE6 /* CustomButton.swift */,
			);
			path = Model;
			sourceTree = "<group>";
		};
		D07FF06F26B56626009C1FE6 /* File */ = {
			isa = PBXGroup;
			children = (
				D0790A4F26B2C67F00BA9EFE /* Helpers */,
				D07FF07026B5662C009C1FE6 /* Lottie */,
			);
			path = File;
			sourceTree = "<group>";
		};
		D07FF07026B5662C009C1FE6 /* Lottie */ = {
			isa = PBXGroup;
			children = (
				D07FF08026B56E3A009C1FE6 /* reload.json */,
			);
			path = Lottie;
			sourceTree = "<group>";
		};
/* End PBXGroup section */

/* Begin PBXNativeTarget section */
		D0790A2E26B2C4B500BA9EFE /* PulBack */ = {
			isa = PBXNativeTarget;
			buildConfigurationList = D0790A4326B2C4B600BA9EFE /* Build configuration list for PBXNativeTarget "PulBack" */;
			buildPhases = (
				5999D9FD676B7E0A1B477BDE /* [CP] Check Pods Manifest.lock */,
				D0790A2B26B2C4B500BA9EFE /* Sources */,
				D0790A2C26B2C4B500BA9EFE /* Frameworks */,
				D0790A2D26B2C4B500BA9EFE /* Resources */,
				76C2F5BA6F112D14E8E181C1 /* [CP] Embed Pods Frameworks */,
			);
			buildRules = (
			);
			dependencies = (
			);
			name = PulBack;
			productName = PulBack;
			productReference = D0790A2F26B2C4B500BA9EFE /* PulBack.app */;
			productType = "com.apple.product-type.application";
		};
/* End PBXNativeTarget section */

/* Begin PBXProject section */
		D0790A2726B2C4B500BA9EFE /* Project object */ = {
			isa = PBXProject;
			attributes = {
				LastSwiftUpdateCheck = 1230;
				LastUpgradeCheck = 1230;
				TargetAttributes = {
					D0790A2E26B2C4B500BA9EFE = {
						CreatedOnToolsVersion = 12.3;
					};
				};
			};
			buildConfigurationList = D0790A2A26B2C4B500BA9EFE /* Build configuration list for PBXProject "PulBack" */;
			compatibilityVersion = "Xcode 9.3";
			developmentRegion = en;
			hasScannedForEncodings = 0;
			knownRegions = (
				en,
				Base,
			);
			mainGroup = D0790A2626B2C4B500BA9EFE;
			productRefGroup = D0790A3026B2C4B500BA9EFE /* Products */;
			projectDirPath = "";
			projectRoot = "";
			targets = (
				D0790A2E26B2C4B500BA9EFE /* PulBack */,
			);
		};
/* End PBXProject section */

/* Begin PBXResourcesBuildPhase section */
		D0790A2D26B2C4B500BA9EFE /* Resources */ = {
			isa = PBXResourcesBuildPhase;
			buildActionMask = 2147483647;
			files = (
				D0790A4B26B2C4EB00BA9EFE /* SignInVC.xib in Resources */,
				D0790A3F26B2C4B600BA9EFE /* LaunchScreen.storyboard in Resources */,
				D07FF03726B5262B009C1FE6 /* OTPVC.xib in Resources */,
				D0790A3C26B2C4B600BA9EFE /* Assets.xcassets in Resources */,
				D07FF02B26B51CF0009C1FE6 /* RegistrationVC.xib in Resources */,
				D07FF08126B56E3B009C1FE6 /* reload.json in Resources */,
			);
			runOnlyForDeploymentPostprocessing = 0;
		};
/* End PBXResourcesBuildPhase section */

/* Begin PBXShellScriptBuildPhase section */
		5999D9FD676B7E0A1B477BDE /* [CP] Check Pods Manifest.lock */ = {
			isa = PBXShellScriptBuildPhase;
			buildActionMask = 2147483647;
			files = (
			);
			inputFileListPaths = (
			);
			inputPaths = (
				"${PODS_PODFILE_DIR_PATH}/Podfile.lock",
				"${PODS_ROOT}/Manifest.lock",
			);
			name = "[CP] Check Pods Manifest.lock";
			outputFileListPaths = (
			);
			outputPaths = (
				"$(DERIVED_FILE_DIR)/Pods-PulBack-checkManifestLockResult.txt",
			);
			runOnlyForDeploymentPostprocessing = 0;
			shellPath = /bin/sh;
			shellScript = "diff \"${PODS_PODFILE_DIR_PATH}/Podfile.lock\" \"${PODS_ROOT}/Manifest.lock\" > /dev/null\nif [ $? != 0 ] ; then\n    # print error to STDERR\n    echo \"error: The sandbox is not in sync with the Podfile.lock. Run 'pod install' or update your CocoaPods installation.\" >&2\n    exit 1\nfi\n# This output is used by Xcode 'outputs' to avoid re-running this script phase.\necho \"SUCCESS\" > \"${SCRIPT_OUTPUT_FILE_0}\"\n";
			showEnvVarsInLog = 0;
		};
		76C2F5BA6F112D14E8E181C1 /* [CP] Embed Pods Frameworks */ = {
			isa = PBXShellScriptBuildPhase;
			buildActionMask = 2147483647;
			files = (
			);
			inputFileListPaths = (
				"${PODS_ROOT}/Target Support Files/Pods-PulBack/Pods-PulBack-frameworks-${CONFIGURATION}-input-files.xcfilelist",
			);
			name = "[CP] Embed Pods Frameworks";
			outputFileListPaths = (
				"${PODS_ROOT}/Target Support Files/Pods-PulBack/Pods-PulBack-frameworks-${CONFIGURATION}-output-files.xcfilelist",
			);
			runOnlyForDeploymentPostprocessing = 0;
			shellPath = /bin/sh;
			shellScript = "\"${PODS_ROOT}/Target Support Files/Pods-PulBack/Pods-PulBack-frameworks.sh\"\n";
			showEnvVarsInLog = 0;
		};
/* End PBXShellScriptBuildPhase section */

/* Begin PBXSourcesBuildPhase section */
		D0790A2B26B2C4B500BA9EFE /* Sources */ = {
			isa = PBXSourcesBuildPhase;
			buildActionMask = 2147483647;
			files = (
				D07FF05626B55DA6009C1FE6 /* TimerView.swift in Sources */,
				D07FF03626B5262B009C1FE6 /* OTPVC.swift in Sources */,
				D07FF08626B56EDD009C1FE6 /* CustomButton.swift in Sources */,
				D07FF08926B56FD8009C1FE6 /* AppColors.swift in Sources */,
				D07FF03D26B52C1C009C1FE6 /* OTPTextField.swift in Sources */,
				D0790A4A26B2C4EB00BA9EFE /* SignInVC.swift in Sources */,
				D0790A5126B2C68B00BA9EFE /* Extensions.swift in Sources */,
				D07FF03A26B52B53009C1FE6 /* OTPFieldView.swift in Sources */,
				D0790A3326B2C4B500BA9EFE /* AppDelegate.swift in Sources */,
				D07FF02A26B51CF0009C1FE6 /* RegistrationVC.swift in Sources */,
			);
			runOnlyForDeploymentPostprocessing = 0;
		};
/* End PBXSourcesBuildPhase section */

/* Begin PBXVariantGroup section */
		D0790A3D26B2C4B600BA9EFE /* LaunchScreen.storyboard */ = {
			isa = PBXVariantGroup;
			children = (
				D0790A3E26B2C4B600BA9EFE /* Base */,
			);
			name = LaunchScreen.storyboard;
			sourceTree = "<group>";
		};
/* End PBXVariantGroup section */

/* Begin XCBuildConfiguration section */
		D0790A4126B2C4B600BA9EFE /* Debug */ = {
			isa = XCBuildConfiguration;
			buildSettings = {
				ALWAYS_SEARCH_USER_PATHS = NO;
				CLANG_ANALYZER_NONNULL = YES;
				CLANG_ANALYZER_NUMBER_OBJECT_CONVERSION = YES_AGGRESSIVE;
				CLANG_CXX_LANGUAGE_STANDARD = "gnu++14";
				CLANG_CXX_LIBRARY = "libc++";
				CLANG_ENABLE_MODULES = YES;
				CLANG_ENABLE_OBJC_ARC = YES;
				CLANG_ENABLE_OBJC_WEAK = YES;
				CLANG_WARN_BLOCK_CAPTURE_AUTORELEASING = YES;
				CLANG_WARN_BOOL_CONVERSION = YES;
				CLANG_WARN_COMMA = YES;
				CLANG_WARN_CONSTANT_CONVERSION = YES;
				CLANG_WARN_DEPRECATED_OBJC_IMPLEMENTATIONS = YES;
				CLANG_WARN_DIRECT_OBJC_ISA_USAGE = YES_ERROR;
				CLANG_WARN_DOCUMENTATION_COMMENTS = YES;
				CLANG_WARN_EMPTY_BODY = YES;
				CLANG_WARN_ENUM_CONVERSION = YES;
				CLANG_WARN_INFINITE_RECURSION = YES;
				CLANG_WARN_INT_CONVERSION = YES;
				CLANG_WARN_NON_LITERAL_NULL_CONVERSION = YES;
				CLANG_WARN_OBJC_IMPLICIT_RETAIN_SELF = YES;
				CLANG_WARN_OBJC_LITERAL_CONVERSION = YES;
				CLANG_WARN_OBJC_ROOT_CLASS = YES_ERROR;
				CLANG_WARN_QUOTED_INCLUDE_IN_FRAMEWORK_HEADER = YES;
				CLANG_WARN_RANGE_LOOP_ANALYSIS = YES;
				CLANG_WARN_STRICT_PROTOTYPES = YES;
				CLANG_WARN_SUSPICIOUS_MOVE = YES;
				CLANG_WARN_UNGUARDED_AVAILABILITY = YES_AGGRESSIVE;
				CLANG_WARN_UNREACHABLE_CODE = YES;
				CLANG_WARN__DUPLICATE_METHOD_MATCH = YES;
				COPY_PHASE_STRIP = NO;
				DEBUG_INFORMATION_FORMAT = dwarf;
				ENABLE_STRICT_OBJC_MSGSEND = YES;
				ENABLE_TESTABILITY = YES;
				GCC_C_LANGUAGE_STANDARD = gnu11;
				GCC_DYNAMIC_NO_PIC = NO;
				GCC_NO_COMMON_BLOCKS = YES;
				GCC_OPTIMIZATION_LEVEL = 0;
				GCC_PREPROCESSOR_DEFINITIONS = (
					"DEBUG=1",
					"$(inherited)",
				);
				GCC_WARN_64_TO_32_BIT_CONVERSION = YES;
				GCC_WARN_ABOUT_RETURN_TYPE = YES_ERROR;
				GCC_WARN_UNDECLARED_SELECTOR = YES;
				GCC_WARN_UNINITIALIZED_AUTOS = YES_AGGRESSIVE;
				GCC_WARN_UNUSED_FUNCTION = YES;
				GCC_WARN_UNUSED_VARIABLE = YES;
				IPHONEOS_DEPLOYMENT_TARGET = 11.0;
				MTL_ENABLE_DEBUG_INFO = INCLUDE_SOURCE;
				MTL_FAST_MATH = YES;
				ONLY_ACTIVE_ARCH = YES;
				SDKROOT = iphoneos;
				SWIFT_ACTIVE_COMPILATION_CONDITIONS = DEBUG;
				SWIFT_OPTIMIZATION_LEVEL = "-Onone";
			};
			name = Debug;
		};
		D0790A4226B2C4B600BA9EFE /* Release */ = {
			isa = XCBuildConfiguration;
			buildSettings = {
				ALWAYS_SEARCH_USER_PATHS = NO;
				CLANG_ANALYZER_NONNULL = YES;
				CLANG_ANALYZER_NUMBER_OBJECT_CONVERSION = YES_AGGRESSIVE;
				CLANG_CXX_LANGUAGE_STANDARD = "gnu++14";
				CLANG_CXX_LIBRARY = "libc++";
				CLANG_ENABLE_MODULES = YES;
				CLANG_ENABLE_OBJC_ARC = YES;
				CLANG_ENABLE_OBJC_WEAK = YES;
				CLANG_WARN_BLOCK_CAPTURE_AUTORELEASING = YES;
				CLANG_WARN_BOOL_CONVERSION = YES;
				CLANG_WARN_COMMA = YES;
				CLANG_WARN_CONSTANT_CONVERSION = YES;
				CLANG_WARN_DEPRECATED_OBJC_IMPLEMENTATIONS = YES;
				CLANG_WARN_DIRECT_OBJC_ISA_USAGE = YES_ERROR;
				CLANG_WARN_DOCUMENTATION_COMMENTS = YES;
				CLANG_WARN_EMPTY_BODY = YES;
				CLANG_WARN_ENUM_CONVERSION = YES;
				CLANG_WARN_INFINITE_RECURSION = YES;
				CLANG_WARN_INT_CONVERSION = YES;
				CLANG_WARN_NON_LITERAL_NULL_CONVERSION = YES;
				CLANG_WARN_OBJC_IMPLICIT_RETAIN_SELF = YES;
				CLANG_WARN_OBJC_LITERAL_CONVERSION = YES;
				CLANG_WARN_OBJC_ROOT_CLASS = YES_ERROR;
				CLANG_WARN_QUOTED_INCLUDE_IN_FRAMEWORK_HEADER = YES;
				CLANG_WARN_RANGE_LOOP_ANALYSIS = YES;
				CLANG_WARN_STRICT_PROTOTYPES = YES;
				CLANG_WARN_SUSPICIOUS_MOVE = YES;
				CLANG_WARN_UNGUARDED_AVAILABILITY = YES_AGGRESSIVE;
				CLANG_WARN_UNREACHABLE_CODE = YES;
				CLANG_WARN__DUPLICATE_METHOD_MATCH = YES;
				COPY_PHASE_STRIP = NO;
				DEBUG_INFORMATION_FORMAT = "dwarf-with-dsym";
				ENABLE_NS_ASSERTIONS = NO;
				ENABLE_STRICT_OBJC_MSGSEND = YES;
				GCC_C_LANGUAGE_STANDARD = gnu11;
				GCC_NO_COMMON_BLOCKS = YES;
				GCC_WARN_64_TO_32_BIT_CONVERSION = YES;
				GCC_WARN_ABOUT_RETURN_TYPE = YES_ERROR;
				GCC_WARN_UNDECLARED_SELECTOR = YES;
				GCC_WARN_UNINITIALIZED_AUTOS = YES_AGGRESSIVE;
				GCC_WARN_UNUSED_FUNCTION = YES;
				GCC_WARN_UNUSED_VARIABLE = YES;
				IPHONEOS_DEPLOYMENT_TARGET = 11.0;
				MTL_ENABLE_DEBUG_INFO = NO;
				MTL_FAST_MATH = YES;
				SDKROOT = iphoneos;
				SWIFT_COMPILATION_MODE = wholemodule;
				SWIFT_OPTIMIZATION_LEVEL = "-O";
				VALIDATE_PRODUCT = YES;
			};
			name = Release;
		};
		D0790A4426B2C4B600BA9EFE /* Debug */ = {
			isa = XCBuildConfiguration;
			baseConfigurationReference = D05C7EB18DF6B108DE3103AB /* Pods-PulBack.debug.xcconfig */;
			buildSettings = {
				ASSETCATALOG_COMPILER_APPICON_NAME = AppIcon;
				ASSETCATALOG_COMPILER_GLOBAL_ACCENT_COLOR_NAME = AccentColor;
				CODE_SIGN_STYLE = Automatic;
				INFOPLIST_FILE = PulBack/Info.plist;
				IPHONEOS_DEPLOYMENT_TARGET = 11.0;
				LD_RUNPATH_SEARCH_PATHS = (
					"$(inherited)",
					"@executable_path/Frameworks",
				);
				PRODUCT_BUNDLE_IDENTIFIER = kh.PulBack;
				PRODUCT_NAME = "$(TARGET_NAME)";
				SWIFT_VERSION = 5.0;
				TARGETED_DEVICE_FAMILY = "1,2";
			};
			name = Debug;
		};
		D0790A4526B2C4B600BA9EFE /* Release */ = {
			isa = XCBuildConfiguration;
			baseConfigurationReference = CDBD1E04BA1C773AB3F4D321 /* Pods-PulBack.release.xcconfig */;
			buildSettings = {
				ASSETCATALOG_COMPILER_APPICON_NAME = AppIcon;
				ASSETCATALOG_COMPILER_GLOBAL_ACCENT_COLOR_NAME = AccentColor;
				CODE_SIGN_STYLE = Automatic;
				INFOPLIST_FILE = PulBack/Info.plist;
				IPHONEOS_DEPLOYMENT_TARGET = 11.0;
				LD_RUNPATH_SEARCH_PATHS = (
					"$(inherited)",
					"@executable_path/Frameworks",
				);
				PRODUCT_BUNDLE_IDENTIFIER = kh.PulBack;
				PRODUCT_NAME = "$(TARGET_NAME)";
				SWIFT_VERSION = 5.0;
				TARGETED_DEVICE_FAMILY = "1,2";
			};
			name = Release;
		};
/* End XCBuildConfiguration section */

/* Begin XCConfigurationList section */
		D0790A2A26B2C4B500BA9EFE /* Build configuration list for PBXProject "PulBack" */ = {
			isa = XCConfigurationList;
			buildConfigurations = (
				D0790A4126B2C4B600BA9EFE /* Debug */,
				D0790A4226B2C4B600BA9EFE /* Release */,
			);
			defaultConfigurationIsVisible = 0;
			defaultConfigurationName = Release;
		};
		D0790A4326B2C4B600BA9EFE /* Build configuration list for PBXNativeTarget "PulBack" */ = {
			isa = XCConfigurationList;
			buildConfigurations = (
				D0790A4426B2C4B600BA9EFE /* Debug */,
				D0790A4526B2C4B600BA9EFE /* Release */,
			);
			defaultConfigurationIsVisible = 0;
			defaultConfigurationName = Release;
		};
/* End XCConfigurationList section */
	};
	rootObject = D0790A2726B2C4B500BA9EFE /* Project object */;
}
